<?xml version="1.0" encoding="utf-8"?>
<Project ToolsVersion="4.0" xmlns="http://schemas.microsoft.com/developer/msbuild/2003">
  <ItemGroup>
    <Filter Include="src">
      <UniqueIdentifier>{a1f60de6-ee3d-4c5b-96ae-e8f9c21111cc}</UniqueIdentifier>
    </Filter>
  </ItemGroup>
  <ItemGroup>
    <ClInclude Include="src\fae\fae.h">
      <Filter>src</Filter>
    </ClInclude>
    <ClInclude Include="src\fae\application.h" />
    <ClInclude Include="src\fae\rendering.h" />
    <ClInclude Include="src\sandbox\sandbox.h" />
    <ClInclude Include="src\fae\camera2d.h" />
    <ClInclude Include="src\sandbox\sandbox_components.h" />
    <ClInclude Include="src\sandbox\sandbox_application.h" />
    <ClInclude Include="src\sandbox\sandbox_systems.h" />
    <ClInclude Include="src\sandbox\sandbox_particle_factories.h" />
    <ClInclude Include="src\rope\rope.h" />
    <ClInclude Include="src\perlin\perlin.h" />
  </ItemGroup>
  <ItemGroup>
    <ClCompile Include="src\main.cpp" />
  </ItemGroup>
  <ItemGroup>
    <None Include="readme.md" />
  </ItemGroup>
</Project>